
Microsoft Visual Studio Solution File, Format Version 12.00
# Visual Studio Version 17
VisualStudioVersion = 17.14.36301.6
MinimumVisualStudioVersion = 10.0.40219.1
Project("{FAE04EC0-301F-11D3-BF4B-00C04F79EFBC}") = "BlazorWebassemblyChat", "BlazorWebassemblyChat\BlazorWebassemblyChat.csproj", "{A61D88DB-16CE-4D8A-9955-6F797406DB62}"
EndProject
Project("{FAE04EC0-301F-11D3-BF4B-00C04F79EFBC}") = "SpacetimeDB.ClientSDK", "com.clockworklabs.spacetimedbsdk\SpacetimeDB.ClientSDK.csproj", "{33BB8856-613A-975E-42B3-68C305C6DDDE}"
EndProject
Project("{FAE04EC0-301F-11D3-BF4B-00C04F79EFBC}") = "StdbModule", "server\StdbModule.csproj", "{4681FD5F-785F-8066-C1E6-5F07AE19C97C}"
EndProject
Project("{FAE04EC0-301F-11D3-BF4B-00C04F79EFBC}") = "client", "client\client.csproj", "{AE7EEA74-2FE0-136F-D797-854FD87E022A}"
EndProject
Global
	GlobalSection(SolutionConfigurationPlatforms) = preSolution
		Debug|Any CPU = Debug|Any CPU
		Release|Any CPU = Release|Any CPU
	EndGlobalSection
	GlobalSection(ProjectConfigurationPlatforms) = postSolution
		{A61D88DB-16CE-4D8A-9955-6F797406DB62}.Debug|Any CPU.ActiveCfg = Debug|Any CPU
		{A61D88DB-16CE-4D8A-9955-6F797406DB62}.Debug|Any CPU.Build.0 = Debug|Any CPU
		{A61D88DB-16CE-4D8A-9955-6F797406DB62}.Release|Any CPU.ActiveCfg = Release|Any CPU
		{A61D88DB-16CE-4D8A-9955-6F797406DB62}.Release|Any CPU.Build.0 = Release|Any CPU
		{33BB8856-613A-975E-42B3-68C305C6DDDE}.Debug|Any CPU.ActiveCfg = Debug|Any CPU
		{33BB8856-613A-975E-42B3-68C305C6DDDE}.Debug|Any CPU.Build.0 = Debug|Any CPU
		{33BB8856-613A-975E-42B3-68C305C6DDDE}.Release|Any CPU.ActiveCfg = Release|Any CPU
		{33BB8856-613A-975E-42B3-68C305C6DDDE}.Release|Any CPU.Build.0 = Release|Any CPU
		{4681FD5F-785F-8066-C1E6-5F07AE19C97C}.Debug|Any CPU.ActiveCfg = Debug|Any CPU
		{4681FD5F-785F-8066-C1E6-5F07AE19C97C}.Debug|Any CPU.Build.0 = Debug|Any CPU
		{4681FD5F-785F-8066-C1E6-5F07AE19C97C}.Release|Any CPU.ActiveCfg = Release|Any CPU
		{4681FD5F-785F-8066-C1E6-5F07AE19C97C}.Release|Any CPU.Build.0 = Release|Any CPU
		{AE7EEA74-2FE0-136F-D797-854FD87E022A}.Debug|Any CPU.ActiveCfg = Debug|Any CPU
		{AE7EEA74-2FE0-136F-D797-854FD87E022A}.Debug|Any CPU.Build.0 = Debug|Any CPU
		{AE7EEA74-2FE0-136F-D797-854FD87E022A}.Release|Any CPU.ActiveCfg = Release|Any CPU
		{AE7EEA74-2FE0-136F-D797-854FD87E022A}.Release|Any CPU.Build.0 = Release|Any CPU
	EndGlobalSection
	GlobalSection(SolutionProperties) = preSolution
		HideSolutionNode = FALSE
	EndGlobalSection
	GlobalSection(ExtensibilityGlobals) = postSolution
		SolutionGuid = {D4FF0E9E-C2EE-42BD-852F-0023967E6DFF}
	EndGlobalSection
EndGlobal
